
Microsoft Visual Studio Solution File, Format Version 12.00
# Visual Studio Version 17
VisualStudioVersion = 17.6.33815.320
MinimumVisualStudioVersion = 10.0.40219.1
Project("{9A19103F-16F7-4668-BE54-9A1E7A4F7556}") = "AOC2023", "AOC2023\AOC2023.csproj", "{65646099-9FC3-4715-A501-ACB6BD85CEC7}"
EndProject
Project("{9A19103F-16F7-4668-BE54-9A1E7A4F7556}") = "AOC2023.Test", "AOC2023.Test\AOC2023.Test.csproj", "{3EEB10F2-AA4E-4B73-BE12-93AAF840B97D}"
EndProject
Project("{9A19103F-16F7-4668-BE54-9A1E7A4F7556}") = "Extensions", "Extensions\Extensions.csproj", "{EF593594-938C-4CC3-A565-D15EEEFB92CA}"
EndProject
Project("{9A19103F-16F7-4668-BE54-9A1E7A4F7556}") = "AOC2017", "AOC2017\AOC2017.csproj", "{72E96AAA-B4EA-4A1E-9403-5379181E4BBC}"
EndProject
Project("{9A19103F-16F7-4668-BE54-9A1E7A4F7556}") = "AOC2018", "AOC2018\AOC2018.csproj", "{35A088F4-65F2-4CE7-820D-F4D364056F3F}"
EndProject
Project("{FAE04EC0-301F-11D3-BF4B-00C04F79EFBC}") = "AOC2021", "AOC2021\AOC2021.csproj", "{61439038-F93B-4759-886B-E5F04E8233A4}"
EndProject
Project("{FAE04EC0-301F-11D3-BF4B-00C04F79EFBC}") = "AOC2024", "AOC2024\AOC2024.csproj", "{31C59F9E-EAB0-4ECB-AD97-DED1B0C191EB}"
EndProject
Global
	GlobalSection(SolutionConfigurationPlatforms) = preSolution
		Debug|Any CPU = Debug|Any CPU
		Release|Any CPU = Release|Any CPU
	EndGlobalSection
	GlobalSection(ProjectConfigurationPlatforms) = postSolution
		{65646099-9FC3-4715-A501-ACB6BD85CEC7}.Debug|Any CPU.ActiveCfg = Debug|Any CPU
		{65646099-9FC3-4715-A501-ACB6BD85CEC7}.Debug|Any CPU.Build.0 = Debug|Any CPU
		{65646099-9FC3-4715-A501-ACB6BD85CEC7}.Release|Any CPU.ActiveCfg = Release|Any CPU
		{65646099-9FC3-4715-A501-ACB6BD85CEC7}.Release|Any CPU.Build.0 = Release|Any CPU
		{3EEB10F2-AA4E-4B73-BE12-93AAF840B97D}.Debug|Any CPU.ActiveCfg = Debug|Any CPU
		{3EEB10F2-AA4E-4B73-BE12-93AAF840B97D}.Debug|Any CPU.Build.0 = Debug|Any CPU
		{3EEB10F2-AA4E-4B73-BE12-93AAF840B97D}.Release|Any CPU.ActiveCfg = Release|Any CPU
		{3EEB10F2-AA4E-4B73-BE12-93AAF840B97D}.Release|Any CPU.Build.0 = Release|Any CPU
		{EF593594-938C-4CC3-A565-D15EEEFB92CA}.Debug|Any CPU.ActiveCfg = Debug|Any CPU
		{EF593594-938C-4CC3-A565-D15EEEFB92CA}.Debug|Any CPU.Build.0 = Debug|Any CPU
		{EF593594-938C-4CC3-A565-D15EEEFB92CA}.Release|Any CPU.ActiveCfg = Release|Any CPU
		{EF593594-938C-4CC3-A565-D15EEEFB92CA}.Release|Any CPU.Build.0 = Release|Any CPU
		{72E96AAA-B4EA-4A1E-9403-5379181E4BBC}.Debug|Any CPU.ActiveCfg = Debug|Any CPU
		{72E96AAA-B4EA-4A1E-9403-5379181E4BBC}.Debug|Any CPU.Build.0 = Debug|Any CPU
		{72E96AAA-B4EA-4A1E-9403-5379181E4BBC}.Release|Any CPU.ActiveCfg = Release|Any CPU
		{72E96AAA-B4EA-4A1E-9403-5379181E4BBC}.Release|Any CPU.Build.0 = Release|Any CPU
		{35A088F4-65F2-4CE7-820D-F4D364056F3F}.Debug|Any CPU.ActiveCfg = Debug|Any CPU
		{35A088F4-65F2-4CE7-820D-F4D364056F3F}.Debug|Any CPU.Build.0 = Debug|Any CPU
		{35A088F4-65F2-4CE7-820D-F4D364056F3F}.Release|Any CPU.ActiveCfg = Release|Any CPU
		{35A088F4-65F2-4CE7-820D-F4D364056F3F}.Release|Any CPU.Build.0 = Release|Any CPU
		{61439038-F93B-4759-886B-E5F04E8233A4}.Debug|Any CPU.ActiveCfg = Debug|Any CPU
		{61439038-F93B-4759-886B-E5F04E8233A4}.Debug|Any CPU.Build.0 = Debug|Any CPU
		{61439038-F93B-4759-886B-E5F04E8233A4}.Release|Any CPU.ActiveCfg = Release|Any CPU
		{61439038-F93B-4759-886B-E5F04E8233A4}.Release|Any CPU.Build.0 = Release|Any CPU
		{31C59F9E-EAB0-4ECB-AD97-DED1B0C191EB}.Debug|Any CPU.ActiveCfg = Debug|Any CPU
		{31C59F9E-EAB0-4ECB-AD97-DED1B0C191EB}.Debug|Any CPU.Build.0 = Debug|Any CPU
		{31C59F9E-EAB0-4ECB-AD97-DED1B0C191EB}.Release|Any CPU.ActiveCfg = Release|Any CPU
		{31C59F9E-EAB0-4ECB-AD97-DED1B0C191EB}.Release|Any CPU.Build.0 = Release|Any CPU
	EndGlobalSection
	GlobalSection(SolutionProperties) = preSolution
		HideSolutionNode = FALSE
	EndGlobalSection
	GlobalSection(ExtensibilityGlobals) = postSolution
		SolutionGuid = {CA9577C4-0322-41C3-B11E-EC46E499521D}
	EndGlobalSection
EndGlobal
